
Microsoft Visual Studio Solution File, Format Version 12.00
# Visual Studio 15
VisualStudioVersion = 15.0.28307.572
MinimumVisualStudioVersion = 10.0.40219.1
Project("{FAE04EC0-301F-11D3-BF4B-00C04F79EFBC}") = "SystemFramework", "SystemFramework\SystemFramework.csproj", "{16200984-B6FD-445A-A3FA-E09F36EDE223}"
EndProject
Project("{FAE04EC0-301F-11D3-BF4B-00C04F79EFBC}") = "Model", "Model\Model.csproj", "{5C5A89B4-21E9-4F23-8168-4C59D4480C73}"
EndProject
Project("{FAE04EC0-301F-11D3-BF4B-00C04F79EFBC}") = "Client", "Client\Client.csproj", "{EE4F4C48-FA97-4094-AC21-77B506CE4496}"
EndProject
Project("{FAE04EC0-301F-11D3-BF4B-00C04F79EFBC}") = "Listener", "Listener\Listener.csproj", "{2B23A2D7-B2A5-4FC0-89C8-29843129A02F}"
EndProject
Project("{FAE04EC0-301F-11D3-BF4B-00C04F79EFBC}") = "Controls", "Controls\Controls.csproj", "{0BC7E506-5EBF-4DC1-885C-28D24E7B77AC}"
EndProject
Project("{FAE04EC0-301F-11D3-BF4B-00C04F79EFBC}") = "ICCard", "ICCard\ICCard.csproj", "{43BC359B-6D44-4ECC-B6EC-76492AEC8C5E}"
EndProject
Project("{FAE04EC0-301F-11D3-BF4B-00C04F79EFBC}") = "FactorySettings", "FactorySettings\FactorySettings.csproj", "{3EA14ADC-1F74-450C-8F9F-FBB1D76BB449}"
EndProject
Project("{2150E333-8FDC-42A3-9474-1A3956D46DE8}") = "Solution Items", "Solution Items", "{FCA4290B-1037-457D-90A0-B22DE1937EA7}"
	ProjectSection(SolutionItems) = preProject
		.gitignore = .gitignore
	EndProjectSection
EndProject
Global
	GlobalSection(SolutionConfigurationPlatforms) = preSolution
		CD_ROM|Any CPU = CD_ROM|Any CPU
		CD_ROM|Mixed Platforms = CD_ROM|Mixed Platforms
		CD_ROM|x86 = CD_ROM|x86
		Debug|Any CPU = Debug|Any CPU
		Debug|Mixed Platforms = Debug|Mixed Platforms
		Debug|x86 = Debug|x86
		DVD-5|Any CPU = DVD-5|Any CPU
		DVD-5|Mixed Platforms = DVD-5|Mixed Platforms
		DVD-5|x86 = DVD-5|x86
		Release|Any CPU = Release|Any CPU
		Release|Mixed Platforms = Release|Mixed Platforms
		Release|x86 = Release|x86
		SingleImage|Any CPU = SingleImage|Any CPU
		SingleImage|Mixed Platforms = SingleImage|Mixed Platforms
		SingleImage|x86 = SingleImage|x86
	EndGlobalSection
	GlobalSection(ProjectConfigurationPlatforms) = postSolution
		{16200984-B6FD-445A-A3FA-E09F36EDE223}.CD_ROM|Any CPU.ActiveCfg = Release|Any CPU
		{16200984-B6FD-445A-A3FA-E09F36EDE223}.CD_ROM|Any CPU.Build.0 = Release|Any CPU
		{16200984-B6FD-445A-A3FA-E09F36EDE223}.CD_ROM|Mixed Platforms.ActiveCfg = Release|Any CPU
		{16200984-B6FD-445A-A3FA-E09F36EDE223}.CD_ROM|Mixed Platforms.Build.0 = Release|Any CPU
		{16200984-B6FD-445A-A3FA-E09F36EDE223}.CD_ROM|x86.ActiveCfg = Release|Any CPU
		{16200984-B6FD-445A-A3FA-E09F36EDE223}.Debug|Any CPU.ActiveCfg = Debug|Any CPU
		{16200984-B6FD-445A-A3FA-E09F36EDE223}.Debug|Any CPU.Build.0 = Debug|Any CPU
		{16200984-B6FD-445A-A3FA-E09F36EDE223}.Debug|Mixed Platforms.ActiveCfg = Debug|Any CPU
		{16200984-B6FD-445A-A3FA-E09F36EDE223}.Debug|Mixed Platforms.Build.0 = Debug|Any CPU
		{16200984-B6FD-445A-A3FA-E09F36EDE223}.Debug|x86.ActiveCfg = Debug|Any CPU
		{16200984-B6FD-445A-A3FA-E09F36EDE223}.DVD-5|Any CPU.ActiveCfg = Debug|Any CPU
		{16200984-B6FD-445A-A3FA-E09F36EDE223}.DVD-5|Any CPU.Build.0 = Debug|Any CPU
		{16200984-B6FD-445A-A3FA-E09F36EDE223}.DVD-5|Mixed Platforms.ActiveCfg = Debug|Any CPU
		{16200984-B6FD-445A-A3FA-E09F36EDE223}.DVD-5|Mixed Platforms.Build.0 = Debug|Any CPU
		{16200984-B6FD-445A-A3FA-E09F36EDE223}.DVD-5|x86.ActiveCfg = Debug|Any CPU
		{16200984-B6FD-445A-A3FA-E09F36EDE223}.Release|Any CPU.ActiveCfg = Release|Any CPU
		{16200984-B6FD-445A-A3FA-E09F36EDE223}.Release|Any CPU.Build.0 = Release|Any CPU
		{16200984-B6FD-445A-A3FA-E09F36EDE223}.Release|Mixed Platforms.ActiveCfg = Release|Any CPU
		{16200984-B6FD-445A-A3FA-E09F36EDE223}.Release|Mixed Platforms.Build.0 = Release|Any CPU
		{16200984-B6FD-445A-A3FA-E09F36EDE223}.Release|x86.ActiveCfg = Release|Any CPU
		{16200984-B6FD-445A-A3FA-E09F36EDE223}.SingleImage|Any CPU.ActiveCfg = Release|Any CPU
		{16200984-B6FD-445A-A3FA-E09F36EDE223}.SingleImage|Any CPU.Build.0 = Release|Any CPU
		{16200984-B6FD-445A-A3FA-E09F36EDE223}.SingleImage|Mixed Platforms.ActiveCfg = Release|Any CPU
		{16200984-B6FD-445A-A3FA-E09F36EDE223}.SingleImage|Mixed Platforms.Build.0 = Release|Any CPU
		{16200984-B6FD-445A-A3FA-E09F36EDE223}.SingleImage|x86.ActiveCfg = Release|Any CPU
		{5C5A89B4-21E9-4F23-8168-4C59D4480C73}.CD_ROM|Any CPU.ActiveCfg = Release|Any CPU
		{5C5A89B4-21E9-4F23-8168-4C59D4480C73}.CD_ROM|Any CPU.Build.0 = Release|Any CPU
		{5C5A89B4-21E9-4F23-8168-4C59D4480C73}.CD_ROM|Mixed Platforms.ActiveCfg = Release|Any CPU
		{5C5A89B4-21E9-4F23-8168-4C59D4480C73}.CD_ROM|Mixed Platforms.Build.0 = Release|Any CPU
		{5C5A89B4-21E9-4F23-8168-4C59D4480C73}.CD_ROM|x86.ActiveCfg = Release|Any CPU
		{5C5A89B4-21E9-4F23-8168-4C59D4480C73}.Debug|Any CPU.ActiveCfg = Debug|Any CPU
		{5C5A89B4-21E9-4F23-8168-4C59D4480C73}.Debug|Any CPU.Build.0 = Debug|Any CPU
		{5C5A89B4-21E9-4F23-8168-4C59D4480C73}.Debug|Mixed Platforms.ActiveCfg = Debug|Any CPU
		{5C5A89B4-21E9-4F23-8168-4C59D4480C73}.Debug|Mixed Platforms.Build.0 = Debug|Any CPU
		{5C5A89B4-21E9-4F23-8168-4C59D4480C73}.Debug|x86.ActiveCfg = Debug|Any CPU
		{5C5A89B4-21E9-4F23-8168-4C59D4480C73}.DVD-5|Any CPU.ActiveCfg = Debug|Any CPU
		{5C5A89B4-21E9-4F23-8168-4C59D4480C73}.DVD-5|Any CPU.Build.0 = Debug|Any CPU
		{5C5A89B4-21E9-4F23-8168-4C59D4480C73}.DVD-5|Mixed Platforms.ActiveCfg = Debug|Any CPU
		{5C5A89B4-21E9-4F23-8168-4C59D4480C73}.DVD-5|Mixed Platforms.Build.0 = Debug|Any CPU
		{5C5A89B4-21E9-4F23-8168-4C59D4480C73}.DVD-5|x86.ActiveCfg = Debug|Any CPU
		{5C5A89B4-21E9-4F23-8168-4C59D4480C73}.Release|Any CPU.ActiveCfg = Release|Any CPU
		{5C5A89B4-21E9-4F23-8168-4C59D4480C73}.Release|Any CPU.Build.0 = Release|Any CPU
		{5C5A89B4-21E9-4F23-8168-4C59D4480C73}.Release|Mixed Platforms.ActiveCfg = Release|Any CPU
		{5C5A89B4-21E9-4F23-8168-4C59D4480C73}.Release|Mixed Platforms.Build.0 = Release|Any CPU
		{5C5A89B4-21E9-4F23-8168-4C59D4480C73}.Release|x86.ActiveCfg = Release|Any CPU
		{5C5A89B4-21E9-4F23-8168-4C59D4480C73}.SingleImage|Any CPU.ActiveCfg = Release|Any CPU
		{5C5A89B4-21E9-4F23-8168-4C59D4480C73}.SingleImage|Any CPU.Build.0 = Release|Any CPU
		{5C5A89B4-21E9-4F23-8168-4C59D4480C73}.SingleImage|Mixed Platforms.ActiveCfg = Release|Any CPU
		{5C5A89B4-21E9-4F23-8168-4C59D4480C73}.SingleImage|Mixed Platforms.Build.0 = Release|Any CPU
		{5C5A89B4-21E9-4F23-8168-4C59D4480C73}.SingleImage|x86.ActiveCfg = Release|Any CPU
		{EE4F4C48-FA97-4094-AC21-77B506CE4496}.CD_ROM|Any CPU.ActiveCfg = Release|x86
		{EE4F4C48-FA97-4094-AC21-77B506CE4496}.CD_ROM|Mixed Platforms.ActiveCfg = Release|x86
		{EE4F4C48-FA97-4094-AC21-77B506CE4496}.CD_ROM|Mixed Platforms.Build.0 = Release|x86
		{EE4F4C48-FA97-4094-AC21-77B506CE4496}.CD_ROM|x86.ActiveCfg = Release|x86
		{EE4F4C48-FA97-4094-AC21-77B506CE4496}.CD_ROM|x86.Build.0 = Release|x86
		{EE4F4C48-FA97-4094-AC21-77B506CE4496}.Debug|Any CPU.ActiveCfg = Debug|x86
		{EE4F4C48-FA97-4094-AC21-77B506CE4496}.Debug|Mixed Platforms.ActiveCfg = Debug|x86
		{EE4F4C48-FA97-4094-AC21-77B506CE4496}.Debug|Mixed Platforms.Build.0 = Debug|x86
		{EE4F4C48-FA97-4094-AC21-77B506CE4496}.Debug|x86.ActiveCfg = Debug|x86
		{EE4F4C48-FA97-4094-AC21-77B506CE4496}.Debug|x86.Build.0 = Debug|x86
		{EE4F4C48-FA97-4094-AC21-77B506CE4496}.DVD-5|Any CPU.ActiveCfg = Debug|x86
		{EE4F4C48-FA97-4094-AC21-77B506CE4496}.DVD-5|Mixed Platforms.ActiveCfg = Debug|x86
		{EE4F4C48-FA97-4094-AC21-77B506CE4496}.DVD-5|Mixed Platforms.Build.0 = Debug|x86
		{EE4F4C48-FA97-4094-AC21-77B506CE4496}.DVD-5|x86.ActiveCfg = Debug|x86
		{EE4F4C48-FA97-4094-AC21-77B506CE4496}.DVD-5|x86.Build.0 = Debug|x86
		{EE4F4C48-FA97-4094-AC21-77B506CE4496}.Release|Any CPU.ActiveCfg = Release|x86
		{EE4F4C48-FA97-4094-AC21-77B506CE4496}.Release|Mixed Platforms.ActiveCfg = Release|x86
		{EE4F4C48-FA97-4094-AC21-77B506CE4496}.Release|Mixed Platforms.Build.0 = Release|x86
		{EE4F4C48-FA97-4094-AC21-77B506CE4496}.Release|x86.ActiveCfg = Release|x86
		{EE4F4C48-FA97-4094-AC21-77B506CE4496}.Release|x86.Build.0 = Release|x86
		{EE4F4C48-FA97-4094-AC21-77B506CE4496}.SingleImage|Any CPU.ActiveCfg = Release|x86
		{EE4F4C48-FA97-4094-AC21-77B506CE4496}.SingleImage|Mixed Platforms.ActiveCfg = Release|x86
		{EE4F4C48-FA97-4094-AC21-77B506CE4496}.SingleImage|Mixed Platforms.Build.0 = Release|x86
		{EE4F4C48-FA97-4094-AC21-77B506CE4496}.SingleImage|x86.ActiveCfg = Release|x86
		{EE4F4C48-FA97-4094-AC21-77B506CE4496}.SingleImage|x86.Build.0 = Release|x86
		{2B23A2D7-B2A5-4FC0-89C8-29843129A02F}.CD_ROM|Any CPU.ActiveCfg = Release|x86
		{2B23A2D7-B2A5-4FC0-89C8-29843129A02F}.CD_ROM|Mixed Platforms.ActiveCfg = Release|x86
		{2B23A2D7-B2A5-4FC0-89C8-29843129A02F}.CD_ROM|Mixed Platforms.Build.0 = Release|x86
		{2B23A2D7-B2A5-4FC0-89C8-29843129A02F}.CD_ROM|x86.ActiveCfg = Release|x86
		{2B23A2D7-B2A5-4FC0-89C8-29843129A02F}.CD_ROM|x86.Build.0 = Release|x86
		{2B23A2D7-B2A5-4FC0-89C8-29843129A02F}.Debug|Any CPU.ActiveCfg = Debug|x86
		{2B23A2D7-B2A5-4FC0-89C8-29843129A02F}.Debug|Mixed Platforms.ActiveCfg = Debug|x86
		{2B23A2D7-B2A5-4FC0-89C8-29843129A02F}.Debug|Mixed Platforms.Build.0 = Debug|x86
		{2B23A2D7-B2A5-4FC0-89C8-29843129A02F}.Debug|x86.ActiveCfg = Debug|x86
		{2B23A2D7-B2A5-4FC0-89C8-29843129A02F}.Debug|x86.Build.0 = Debug|x86
		{2B23A2D7-B2A5-4FC0-89C8-29843129A02F}.DVD-5|Any CPU.ActiveCfg = Debug|x86
		{2B23A2D7-B2A5-4FC0-89C8-29843129A02F}.DVD-5|Mixed Platforms.ActiveCfg = Debug|x86
		{2B23A2D7-B2A5-4FC0-89C8-29843129A02F}.DVD-5|Mixed Platforms.Build.0 = Debug|x86
		{2B23A2D7-B2A5-4FC0-89C8-29843129A02F}.DVD-5|x86.ActiveCfg = Debug|x86
		{2B23A2D7-B2A5-4FC0-89C8-29843129A02F}.DVD-5|x86.Build.0 = Debug|x86
		{2B23A2D7-B2A5-4FC0-89C8-29843129A02F}.Release|Any CPU.ActiveCfg = Release|x86
		{2B23A2D7-B2A5-4FC0-89C8-29843129A02F}.Release|Mixed Platforms.ActiveCfg = Release|x86
		{2B23A2D7-B2A5-4FC0-89C8-29843129A02F}.Release|Mixed Platforms.Build.0 = Release|x86
		{2B23A2D7-B2A5-4FC0-89C8-29843129A02F}.Release|x86.ActiveCfg = Release|x86
		{2B23A2D7-B2A5-4FC0-89C8-29843129A02F}.Release|x86.Build.0 = Release|x86
		{2B23A2D7-B2A5-4FC0-89C8-29843129A02F}.SingleImage|Any CPU.ActiveCfg = Release|x86
		{2B23A2D7-B2A5-4FC0-89C8-29843129A02F}.SingleImage|Mixed Platforms.ActiveCfg = Release|x86
		{2B23A2D7-B2A5-4FC0-89C8-29843129A02F}.SingleImage|Mixed Platforms.Build.0 = Release|x86
		{2B23A2D7-B2A5-4FC0-89C8-29843129A02F}.SingleImage|x86.ActiveCfg = Release|x86
		{2B23A2D7-B2A5-4FC0-89C8-29843129A02F}.SingleImage|x86.Build.0 = Release|x86
		{0BC7E506-5EBF-4DC1-885C-28D24E7B77AC}.CD_ROM|Any CPU.ActiveCfg = Release|Any CPU
		{0BC7E506-5EBF-4DC1-885C-28D24E7B77AC}.CD_ROM|Any CPU.Build.0 = Release|Any CPU
		{0BC7E506-5EBF-4DC1-885C-28D24E7B77AC}.CD_ROM|Mixed Platforms.ActiveCfg = Release|Any CPU
		{0BC7E506-5EBF-4DC1-885C-28D24E7B77AC}.CD_ROM|Mixed Platforms.Build.0 = Release|Any CPU
		{0BC7E506-5EBF-4DC1-885C-28D24E7B77AC}.CD_ROM|x86.ActiveCfg = Release|Any CPU
		{0BC7E506-5EBF-4DC1-885C-28D24E7B77AC}.Debug|Any CPU.ActiveCfg = Debug|Any CPU
		{0BC7E506-5EBF-4DC1-885C-28D24E7B77AC}.Debug|Any CPU.Build.0 = Debug|Any CPU
		{0BC7E506-5EBF-4DC1-885C-28D24E7B77AC}.Debug|Mixed Platforms.ActiveCfg = Debug|Any CPU
		{0BC7E506-5EBF-4DC1-885C-28D24E7B77AC}.Debug|Mixed Platforms.Build.0 = Debug|Any CPU
		{0BC7E506-5EBF-4DC1-885C-28D24E7B77AC}.Debug|x86.ActiveCfg = Debug|Any CPU
		{0BC7E506-5EBF-4DC1-885C-28D24E7B77AC}.DVD-5|Any CPU.ActiveCfg = Debug|Any CPU
		{0BC7E506-5EBF-4DC1-885C-28D24E7B77AC}.DVD-5|Any CPU.Build.0 = Debug|Any CPU
		{0BC7E506-5EBF-4DC1-885C-28D24E7B77AC}.DVD-5|Mixed Platforms.ActiveCfg = Debug|Any CPU
		{0BC7E506-5EBF-4DC1-885C-28D24E7B77AC}.DVD-5|Mixed Platforms.Build.0 = Debug|Any CPU
		{0BC7E506-5EBF-4DC1-885C-28D24E7B77AC}.DVD-5|x86.ActiveCfg = Debug|Any CPU
		{0BC7E506-5EBF-4DC1-885C-28D24E7B77AC}.Release|Any CPU.ActiveCfg = Release|Any CPU
		{0BC7E506-5EBF-4DC1-885C-28D24E7B77AC}.Release|Any CPU.Build.0 = Release|Any CPU
		{0BC7E506-5EBF-4DC1-885C-28D24E7B77AC}.Release|Mixed Platforms.ActiveCfg = Release|Any CPU
		{0BC7E506-5EBF-4DC1-885C-28D24E7B77AC}.Release|Mixed Platforms.Build.0 = Release|Any CPU
		{0BC7E506-5EBF-4DC1-885C-28D24E7B77AC}.Release|x86.ActiveCfg = Release|Any CPU
		{0BC7E506-5EBF-4DC1-885C-28D24E7B77AC}.SingleImage|Any CPU.ActiveCfg = Release|Any CPU
		{0BC7E506-5EBF-4DC1-885C-28D24E7B77AC}.SingleImage|Any CPU.Build.0 = Release|Any CPU
		{0BC7E506-5EBF-4DC1-885C-28D24E7B77AC}.SingleImage|Mixed Platforms.ActiveCfg = Release|Any CPU
		{0BC7E506-5EBF-4DC1-885C-28D24E7B77AC}.SingleImage|Mixed Platforms.Build.0 = Release|Any CPU
		{0BC7E506-5EBF-4DC1-885C-28D24E7B77AC}.SingleImage|x86.ActiveCfg = Release|Any CPU
		{43BC359B-6D44-4ECC-B6EC-76492AEC8C5E}.CD_ROM|Any CPU.ActiveCfg = Release|Any CPU
		{43BC359B-6D44-4ECC-B6EC-76492AEC8C5E}.CD_ROM|Any CPU.Build.0 = Release|Any CPU
		{43BC359B-6D44-4ECC-B6EC-76492AEC8C5E}.CD_ROM|Mixed Platforms.ActiveCfg = Release|Any CPU
		{43BC359B-6D44-4ECC-B6EC-76492AEC8C5E}.CD_ROM|Mixed Platforms.Build.0 = Release|Any CPU
		{43BC359B-6D44-4ECC-B6EC-76492AEC8C5E}.CD_ROM|x86.ActiveCfg = Release|Any CPU
		{43BC359B-6D44-4ECC-B6EC-76492AEC8C5E}.Debug|Any CPU.ActiveCfg = Debug|Any CPU
		{43BC359B-6D44-4ECC-B6EC-76492AEC8C5E}.Debug|Any CPU.Build.0 = Debug|Any CPU
		{43BC359B-6D44-4ECC-B6EC-76492AEC8C5E}.Debug|Mixed Platforms.ActiveCfg = Debug|Any CPU
		{43BC359B-6D44-4ECC-B6EC-76492AEC8C5E}.Debug|Mixed Platforms.Build.0 = Debug|Any CPU
		{43BC359B-6D44-4ECC-B6EC-76492AEC8C5E}.Debug|x86.ActiveCfg = Debug|Any CPU
		{43BC359B-6D44-4ECC-B6EC-76492AEC8C5E}.DVD-5|Any CPU.ActiveCfg = Debug|Any CPU
		{43BC359B-6D44-4ECC-B6EC-76492AEC8C5E}.DVD-5|Any CPU.Build.0 = Debug|Any CPU
		{43BC359B-6D44-4ECC-B6EC-76492AEC8C5E}.DVD-5|Mixed Platforms.ActiveCfg = Debug|Any CPU
		{43BC359B-6D44-4ECC-B6EC-76492AEC8C5E}.DVD-5|Mixed Platforms.Build.0 = Debug|Any CPU
		{43BC359B-6D44-4ECC-B6EC-76492AEC8C5E}.DVD-5|x86.ActiveCfg = Debug|Any CPU
		{43BC359B-6D44-4ECC-B6EC-76492AEC8C5E}.Release|Any CPU.ActiveCfg = Release|Any CPU
		{43BC359B-6D44-4ECC-B6EC-76492AEC8C5E}.Release|Any CPU.Build.0 = Release|Any CPU
		{43BC359B-6D44-4ECC-B6EC-76492AEC8C5E}.Release|Mixed Platforms.ActiveCfg = Release|Any CPU
		{43BC359B-6D44-4ECC-B6EC-76492AEC8C5E}.Release|Mixed Platforms.Build.0 = Release|Any CPU
		{43BC359B-6D44-4ECC-B6EC-76492AEC8C5E}.Release|x86.ActiveCfg = Release|Any CPU
		{43BC359B-6D44-4ECC-B6EC-76492AEC8C5E}.SingleImage|Any CPU.ActiveCfg = Release|Any CPU
		{43BC359B-6D44-4ECC-B6EC-76492AEC8C5E}.SingleImage|Any CPU.Build.0 = Release|Any CPU
		{43BC359B-6D44-4ECC-B6EC-76492AEC8C5E}.SingleImage|Mixed Platforms.ActiveCfg = Release|Any CPU
		{43BC359B-6D44-4ECC-B6EC-76492AEC8C5E}.SingleImage|Mixed Platforms.Build.0 = Release|Any CPU
		{43BC359B-6D44-4ECC-B6EC-76492AEC8C5E}.SingleImage|x86.ActiveCfg = Release|Any CPU
		{3EA14ADC-1F74-450C-8F9F-FBB1D76BB449}.CD_ROM|Any CPU.ActiveCfg = Release|x86
		{3EA14ADC-1F74-450C-8F9F-FBB1D76BB449}.CD_ROM|Mixed Platforms.ActiveCfg = Release|x86
		{3EA14ADC-1F74-450C-8F9F-FBB1D76BB449}.CD_ROM|Mixed Platforms.Build.0 = Release|x86
		{3EA14ADC-1F74-450C-8F9F-FBB1D76BB449}.CD_ROM|x86.ActiveCfg = Release|x86
		{3EA14ADC-1F74-450C-8F9F-FBB1D76BB449}.CD_ROM|x86.Build.0 = Release|x86
		{3EA14ADC-1F74-450C-8F9F-FBB1D76BB449}.Debug|Any CPU.ActiveCfg = Debug|x86
		{3EA14ADC-1F74-450C-8F9F-FBB1D76BB449}.Debug|Mixed Platforms.ActiveCfg = Debug|x86
		{3EA14ADC-1F74-450C-8F9F-FBB1D76BB449}.Debug|Mixed Platforms.Build.0 = Debug|x86
		{3EA14ADC-1F74-450C-8F9F-FBB1D76BB449}.Debug|x86.ActiveCfg = Debug|x86
		{3EA14ADC-1F74-450C-8F9F-FBB1D76BB449}.Debug|x86.Build.0 = Debug|x86
		{3EA14ADC-1F74-450C-8F9F-FBB1D76BB449}.DVD-5|Any CPU.ActiveCfg = Debug|x86
		{3EA14ADC-1F74-450C-8F9F-FBB1D76BB449}.DVD-5|Mixed Platforms.ActiveCfg = Debug|x86
		{3EA14ADC-1F74-450C-8F9F-FBB1D76BB449}.DVD-5|Mixed Platforms.Build.0 = Debug|x86
		{3EA14ADC-1F74-450C-8F9F-FBB1D76BB449}.DVD-5|x86.ActiveCfg = Debug|x86
		{3EA14ADC-1F74-450C-8F9F-FBB1D76BB449}.DVD-5|x86.Build.0 = Debug|x86
		{3EA14ADC-1F74-450C-8F9F-FBB1D76BB449}.Release|Any CPU.ActiveCfg = Release|x86
		{3EA14ADC-1F74-450C-8F9F-FBB1D76BB449}.Release|Mixed Platforms.ActiveCfg = Release|x86
		{3EA14ADC-1F74-450C-8F9F-FBB1D76BB449}.Release|Mixed Platforms.Build.0 = Release|x86
		{3EA14ADC-1F74-450C-8F9F-FBB1D76BB449}.Release|x86.ActiveCfg = Release|x86
		{3EA14ADC-1F74-450C-8F9F-FBB1D76BB449}.Release|x86.Build.0 = Release|x86
		{3EA14ADC-1F74-450C-8F9F-FBB1D76BB449}.SingleImage|Any CPU.ActiveCfg = Release|x86
		{3EA14ADC-1F74-450C-8F9F-FBB1D76BB449}.SingleImage|Mixed Platforms.ActiveCfg = Release|x86
		{3EA14ADC-1F74-450C-8F9F-FBB1D76BB449}.SingleImage|Mixed Platforms.Build.0 = Release|x86
		{3EA14ADC-1F74-450C-8F9F-FBB1D76BB449}.SingleImage|x86.ActiveCfg = Release|x86
		{3EA14ADC-1F74-450C-8F9F-FBB1D76BB449}.SingleImage|x86.Build.0 = Release|x86
	EndGlobalSection
	GlobalSection(SolutionProperties) = preSolution
		HideSolutionNode = FALSE
	EndGlobalSection
	GlobalSection(ExtensibilityGlobals) = postSolution
		SolutionGuid = {68E472F7-FA12-46CD-94BC-F89E71FB828D}
	EndGlobalSection
	GlobalSection(SubversionScc) = preSolution
		Svn-Managed = True
		Manager = AnkhSVN - Subversion Support for Visual Studio
	EndGlobalSection
EndGlobal
